
Microsoft Visual Studio Solution File, Format Version 12.00
# Visual Studio 14
VisualStudioVersion = 14.0.25420.1
MinimumVisualStudioVersion = 10.0.40219.1
Project("{FAE04EC0-301F-11D3-BF4B-00C04F79EFBC}") = "Store", "Store\Store.csproj", "{BE1B7906-8EF4-4EB5-A734-214AA06025D9}"
EndProject
Project("{FAE04EC0-301F-11D3-BF4B-00C04F79EFBC}") = "StoreGUI", "StoreGUI\StoreGUI.csproj", "{8DCDA19A-984C-41AF-BFC1-FE8E12B2CE45}"
EndProject
Project("{FAE04EC0-301F-11D3-BF4B-00C04F79EFBC}") = "StorePrinter", "StorePrinter\StorePrinter.csproj", "{DDE355DB-75AC-41B8-B5FF-C89A1B1C08AA}"
EndProject
Project("{FAE04EC0-301F-11D3-BF4B-00C04F79EFBC}") = "Warehouse", "Warehouse\Warehouse.csproj", "{BD1B4A4F-DDF5-4B1E-9B31-F0FF83FD780F}"
EndProject
Project("{E24C65DC-7377-472B-9ABA-BC803B73C61A}") = "Website(1)", "Website\", "{060D5B8B-57A4-45A9-896E-EC867D07FFF0}"
	ProjectSection(WebsiteProperties) = preProject
		TargetFrameworkMoniker = ".NETFramework,Version%3Dv4.5.2"
		Debug.AspNetCompiler.VirtualPath = "/localhost_1732"
		Debug.AspNetCompiler.PhysicalPath = "Website\"
		Debug.AspNetCompiler.TargetPath = "PrecompiledWeb\localhost_1732\"
		Debug.AspNetCompiler.Updateable = "true"
		Debug.AspNetCompiler.ForceOverwrite = "true"
		Debug.AspNetCompiler.FixedNames = "false"
		Debug.AspNetCompiler.Debug = "True"
		Release.AspNetCompiler.VirtualPath = "/localhost_1732"
		Release.AspNetCompiler.PhysicalPath = "Website\"
		Release.AspNetCompiler.TargetPath = "PrecompiledWeb\localhost_1732\"
		Release.AspNetCompiler.Updateable = "true"
		Release.AspNetCompiler.ForceOverwrite = "true"
		Release.AspNetCompiler.FixedNames = "false"
		Release.AspNetCompiler.Debug = "False"
		VWDPort = "1732"
		SlnRelativePath = "Website\"
		DefaultWebSiteLanguage = "Visual C#"
	EndProjectSection
EndProject
Global
	GlobalSection(SolutionConfigurationPlatforms) = preSolution
		Debug|Any CPU = Debug|Any CPU
		Release|Any CPU = Release|Any CPU
	EndGlobalSection
	GlobalSection(ProjectConfigurationPlatforms) = postSolution
		{BE1B7906-8EF4-4EB5-A734-214AA06025D9}.Debug|Any CPU.ActiveCfg = Debug|Any CPU
		{BE1B7906-8EF4-4EB5-A734-214AA06025D9}.Debug|Any CPU.Build.0 = Debug|Any CPU
		{BE1B7906-8EF4-4EB5-A734-214AA06025D9}.Release|Any CPU.ActiveCfg = Release|Any CPU
		{BE1B7906-8EF4-4EB5-A734-214AA06025D9}.Release|Any CPU.Build.0 = Release|Any CPU
		{8DCDA19A-984C-41AF-BFC1-FE8E12B2CE45}.Debug|Any CPU.ActiveCfg = Debug|Any CPU
		{8DCDA19A-984C-41AF-BFC1-FE8E12B2CE45}.Debug|Any CPU.Build.0 = Debug|Any CPU
		{8DCDA19A-984C-41AF-BFC1-FE8E12B2CE45}.Release|Any CPU.ActiveCfg = Release|Any CPU
		{8DCDA19A-984C-41AF-BFC1-FE8E12B2CE45}.Release|Any CPU.Build.0 = Release|Any CPU
		{DDE355DB-75AC-41B8-B5FF-C89A1B1C08AA}.Debug|Any CPU.ActiveCfg = Debug|Any CPU
		{DDE355DB-75AC-41B8-B5FF-C89A1B1C08AA}.Debug|Any CPU.Build.0 = Debug|Any CPU
		{DDE355DB-75AC-41B8-B5FF-C89A1B1C08AA}.Release|Any CPU.ActiveCfg = Release|Any CPU
		{DDE355DB-75AC-41B8-B5FF-C89A1B1C08AA}.Release|Any CPU.Build.0 = Release|Any CPU
		{BD1B4A4F-DDF5-4B1E-9B31-F0FF83FD780F}.Debug|Any CPU.ActiveCfg = Debug|Any CPU
		{BD1B4A4F-DDF5-4B1E-9B31-F0FF83FD780F}.Debug|Any CPU.Build.0 = Debug|Any CPU
		{BD1B4A4F-DDF5-4B1E-9B31-F0FF83FD780F}.Release|Any CPU.ActiveCfg = Release|Any CPU
		{BD1B4A4F-DDF5-4B1E-9B31-F0FF83FD780F}.Release|Any CPU.Build.0 = Release|Any CPU
		{060D5B8B-57A4-45A9-896E-EC867D07FFF0}.Debug|Any CPU.ActiveCfg = Debug|Any CPU
		{060D5B8B-57A4-45A9-896E-EC867D07FFF0}.Debug|Any CPU.Build.0 = Debug|Any CPU
		{060D5B8B-57A4-45A9-896E-EC867D07FFF0}.Release|Any CPU.ActiveCfg = Debug|Any CPU
		{060D5B8B-57A4-45A9-896E-EC867D07FFF0}.Release|Any CPU.Build.0 = Debug|Any CPU
	EndGlobalSection
	GlobalSection(SolutionProperties) = preSolution
		HideSolutionNode = FALSE
	EndGlobalSection
EndGlobal
